PODS:
  - Alamofire (4.8.0)
  - AlamofireObjectMapper (5.2.0):
    - Alamofire (~> 4.7)
    - ObjectMapper (~> 3.4)
  - Bolts/Tasks (1.9.0)
  - Crashlytics (3.12.0):
    - Fabric (~> 1.9.0)
  - Fabric (1.9.0)
  - IQKeyboardManager (6.2.0)
  - ObjectMapper (3.4.1)
  - Parse (1.17.2):
    - Parse/Core (= 1.17.2)
  - Parse/Core (1.17.2):
    - Bolts/Tasks (~> 1.9)
  - Realm (3.13.0):
    - Realm/Headers (= 3.13.0)
  - Realm/Headers (3.13.0)
  - RealmSwift (3.13.0):
    - Realm (= 3.13.0)

DEPENDENCIES:
  - Alamofire
  - AlamofireObjectMapper
  - Crashlytics
  - Fabric
  - IQKeyboardManager
  - Parse
  - RealmSwift

SPEC CHECKSUMS:
  Alamofire: 3ec537f71edc9804815215393ae2b1a8ea33a844
  AlamofireObjectMapper: 92b6ce2423a9d159e686f6a1d514a009bf903ddc
  Bolts: ac6567323eac61e203f6a9763667d0f711be34c8
  Crashlytics: 07fb167b1694128c1c9a5a5cc319b0e9c3ca0933
  Fabric: f988e33c97f08930a413e08123064d2e5f68d655
  IQKeyboardManager: 6194101620b73af5e67900b8f89707a99de0b804
  ObjectMapper: 5311bd50ca732930959e7ca1a2de43ab823a5ced
  Parse: 3b31a3dd1777b07ee7f0caee32fafbff544483a5
  Realm: 5edd2ee65406aef591a4f9895de5a3440e51b3d8
  RealmSwift: be5ebc7930e37cd3376b41cec7f21984528aaa16

PODFILE CHECKSUM: e3d337f539fd1db95afdf654913daff833edee5d

COCOAPODS: 1.4.0
